
Microsoft Visual Studio Solution File, Format Version 12.00
# Visual Studio Version 17
VisualStudioVersion = 17.1.32210.238
MinimumVisualStudioVersion = 10.0.40219.1
Project("{FAE04EC0-301F-11D3-BF4B-00C04F79EFBC}") = "interpretadordenumero", "interpretadordenumero\interpretadordenumero.csproj", "{40DB32DB-7886-44C3-A721-445037D2CCAD}"
EndProject
Global
	GlobalSection(SolutionConfigurationPlatforms) = preSolution
		Debug|Any CPU = Debug|Any CPU
		Release|Any CPU = Release|Any CPU
	EndGlobalSection
	GlobalSection(ProjectConfigurationPlatforms) = postSolution
		{40DB32DB-7886-44C3-A721-445037D2CCAD}.Debug|Any CPU.ActiveCfg = Debug|Any CPU
		{40DB32DB-7886-44C3-A721-445037D2CCAD}.Debug|Any CPU.Build.0 = Debug|Any CPU
		{40DB32DB-7886-44C3-A721-445037D2CCAD}.Release|Any CPU.ActiveCfg = Release|Any CPU
		{40DB32DB-7886-44C3-A721-445037D2CCAD}.Release|Any CPU.Build.0 = Release|Any CPU
	EndGlobalSection
	GlobalSection(SolutionProperties) = preSolution
		HideSolutionNode = FALSE
	EndGlobalSection
	GlobalSection(ExtensibilityGlobals) = postSolution
		SolutionGuid = {411B0D69-F2D8-44EA-9A04-062AEAEB0259}
	EndGlobalSection
EndGlobal
